
Microsoft Visual Studio Solution File, Format Version 12.00
# Visual Studio Version 17
VisualStudioVersion = 17.3.32825.248
MinimumVisualStudioVersion = 10.0.40219.1
Project("{9A19103F-16F7-4668-BE54-9A1E7A4F7556}") = "Amiga.FileFormats.ADF", "Amiga.FileFormats.ADF\Amiga.FileFormats.ADF.csproj", "{EF653C6B-C1B8-4384-B339-3771FBECCEF3}"
EndProject
Project("{2150E333-8FDC-42A3-9474-1A3956D46DE8}") = "Solution Items", "Solution Items", "{3B3285B5-8C82-4D27-B4F5-BF74979CA48C}"
	ProjectSection(SolutionItems) = preProject
		appveyor.yml = appveyor.yml
		nuget.ps1 = nuget.ps1
		publish.ps1 = publish.ps1
		README.md = README.md
	EndProjectSection
EndProject
Project("{9A19103F-16F7-4668-BE54-9A1E7A4F7556}") = "AmigaAdf", "AmigaAdf\AmigaAdf.csproj", "{7CA1F378-42A6-4925-9840-4F83732183D4}"
EndProject
Project("{9A19103F-16F7-4668-BE54-9A1E7A4F7556}") = "Amiga.FileFormats.LHA", "Amiga.FileFormats.LHA\Amiga.FileFormats.LHA.csproj", "{319B042D-ECCB-492E-935B-3A7368FF0D56}"
EndProject
Project("{9A19103F-16F7-4668-BE54-9A1E7A4F7556}") = "Amiga.FileFormats.Core", "Amiga.FileFormats.Core\Amiga.FileFormats.Core.csproj", "{B65F86DE-662C-4F2C-8AC3-A6DE0B4B96FE}"
EndProject
Project("{9A19103F-16F7-4668-BE54-9A1E7A4F7556}") = "AmigaConsole", "AmigaConsole\AmigaConsole.csproj", "{D9F4157A-0F98-4ECF-A7A8-15BD69CE354D}"
EndProject
Project("{FAE04EC0-301F-11D3-BF4B-00C04F79EFBC}") = "AmigaLha", "AmigaLha\AmigaLha.csproj", "{83B9F6EF-86AC-48EB-BF78-CBF9F15AF914}"
EndProject
Global
	GlobalSection(SolutionConfigurationPlatforms) = preSolution
		Debug|Any CPU = Debug|Any CPU
		Release|Any CPU = Release|Any CPU
	EndGlobalSection
	GlobalSection(ProjectConfigurationPlatforms) = postSolution
		{EF653C6B-C1B8-4384-B339-3771FBECCEF3}.Debug|Any CPU.ActiveCfg = Debug|Any CPU
		{EF653C6B-C1B8-4384-B339-3771FBECCEF3}.Debug|Any CPU.Build.0 = Debug|Any CPU
		{EF653C6B-C1B8-4384-B339-3771FBECCEF3}.Release|Any CPU.ActiveCfg = Release|Any CPU
		{EF653C6B-C1B8-4384-B339-3771FBECCEF3}.Release|Any CPU.Build.0 = Release|Any CPU
		{7CA1F378-42A6-4925-9840-4F83732183D4}.Debug|Any CPU.ActiveCfg = Debug|Any CPU
		{7CA1F378-42A6-4925-9840-4F83732183D4}.Debug|Any CPU.Build.0 = Debug|Any CPU
		{7CA1F378-42A6-4925-9840-4F83732183D4}.Release|Any CPU.ActiveCfg = Release|Any CPU
		{7CA1F378-42A6-4925-9840-4F83732183D4}.Release|Any CPU.Build.0 = Release|Any CPU
		{319B042D-ECCB-492E-935B-3A7368FF0D56}.Debug|Any CPU.ActiveCfg = Debug|Any CPU
		{319B042D-ECCB-492E-935B-3A7368FF0D56}.Debug|Any CPU.Build.0 = Debug|Any CPU
		{319B042D-ECCB-492E-935B-3A7368FF0D56}.Release|Any CPU.ActiveCfg = Release|Any CPU
		{319B042D-ECCB-492E-935B-3A7368FF0D56}.Release|Any CPU.Build.0 = Release|Any CPU
		{B65F86DE-662C-4F2C-8AC3-A6DE0B4B96FE}.Debug|Any CPU.ActiveCfg = Debug|Any CPU
		{B65F86DE-662C-4F2C-8AC3-A6DE0B4B96FE}.Debug|Any CPU.Build.0 = Debug|Any CPU
		{B65F86DE-662C-4F2C-8AC3-A6DE0B4B96FE}.Release|Any CPU.ActiveCfg = Release|Any CPU
		{B65F86DE-662C-4F2C-8AC3-A6DE0B4B96FE}.Release|Any CPU.Build.0 = Release|Any CPU
		{D9F4157A-0F98-4ECF-A7A8-15BD69CE354D}.Debug|Any CPU.ActiveCfg = Debug|Any CPU
		{D9F4157A-0F98-4ECF-A7A8-15BD69CE354D}.Debug|Any CPU.Build.0 = Debug|Any CPU
		{D9F4157A-0F98-4ECF-A7A8-15BD69CE354D}.Release|Any CPU.ActiveCfg = Release|Any CPU
		{D9F4157A-0F98-4ECF-A7A8-15BD69CE354D}.Release|Any CPU.Build.0 = Release|Any CPU
		{83B9F6EF-86AC-48EB-BF78-CBF9F15AF914}.Debug|Any CPU.ActiveCfg = Debug|Any CPU
		{83B9F6EF-86AC-48EB-BF78-CBF9F15AF914}.Debug|Any CPU.Build.0 = Debug|Any CPU
		{83B9F6EF-86AC-48EB-BF78-CBF9F15AF914}.Release|Any CPU.ActiveCfg = Release|Any CPU
		{83B9F6EF-86AC-48EB-BF78-CBF9F15AF914}.Release|Any CPU.Build.0 = Release|Any CPU
	EndGlobalSection
	GlobalSection(SolutionProperties) = preSolution
		HideSolutionNode = FALSE
	EndGlobalSection
	GlobalSection(ExtensibilityGlobals) = postSolution
		SolutionGuid = {5CD0D43D-D1BB-416B-B019-E1A334698CE6}
	EndGlobalSection
EndGlobal
